PODS:
  - app_installer (1.3.1):
    - FlutterMacOS
  - flutter_js (0.0.1):
    - FlutterMacOS
  - FlutterMacOS (1.0.0)
  - HotKey (0.2.1)
  - hotkey_manager_macos (0.0.1):
    - FlutterMacOS
    - HotKey
  - icloud_storage (0.0.1):
    - FlutterMacOS
  - libclash_vpn_service (0.1.0):
    - FlutterMacOS
  - open_dir_macos (0.0.1):
    - FlutterMacOS
  - path_provider_foundation (0.0.1):
    - Flutter
    - FlutterMacOS
  - protocol_handler (0.0.1):
    - FlutterMacOS
  - screen_capturer_macos (0.0.1):
    - FlutterMacOS
  - screen_retriever_macos (0.0.1):
    - FlutterMacOS

DEPENDENCIES:
  - app_installer (from `Flutter/ephemeral/.symlinks/plugins/app_installer/macos`)
  - flutter_js (from `Flutter/ephemeral/.symlinks/plugins/flutter_js/macos`)
  - FlutterMacOS (from `Flutter/ephemeral`)
  - hotkey_manager_macos (from `Flutter/ephemeral/.symlinks/plugins/hotkey_manager_macos/macos`)
  - icloud_storage (from `Flutter/ephemeral/.symlinks/plugins/icloud_storage/macos`)
  - libclash_vpn_service (from `Flutter/ephemeral/.symlinks/plugins/libclash_vpn_service/macos`)
  - open_dir_macos (from `Flutter/ephemeral/.symlinks/plugins/open_dir_macos/macos`)
  - path_provider_foundation (from `Flutter/ephemeral/.symlinks/plugins/path_provider_foundation/darwin`)
  - protocol_handler (from `Flutter/ephemeral/.symlinks/plugins/protocol_handler/macos`)
  - screen_capturer_macos (from `Flutter/ephemeral/.symlinks/plugins/screen_capturer_macos/macos`)
  - screen_retriever_macos (from `Flutter/ephemeral/.symlinks/plugins/screen_retriever_macos/macos`)

SPEC REPOS:
  trunk:
    - HotKey

EXTERNAL SOURCES:
  app_installer:
    :path: Flutter/ephemeral/.symlinks/plugins/app_installer/macos
  flutter_js:
    :path: Flutter/ephemeral/.symlinks/plugins/flutter_js/macos
  FlutterMacOS:
    :path: Flutter/ephemeral
  hotkey_manager_macos:
    :path: Flutter/ephemeral/.symlinks/plugins/hotkey_manager_macos/macos
  icloud_storage:
    :path: Flutter/ephemeral/.symlinks/plugins/icloud_storage/macos
  libclash_vpn_service:
    :path: Flutter/ephemeral/.symlinks/plugins/libclash_vpn_service/macos
  open_dir_macos:
    :path: Flutter/ephemeral/.symlinks/plugins/open_dir_macos/macos
  path_provider_foundation:
    :path: Flutter/ephemeral/.symlinks/plugins/path_provider_foundation/darwin
  protocol_handler:
    :path: Flutter/ephemeral/.symlinks/plugins/protocol_handler/macos
  screen_capturer_macos:
    :path: Flutter/ephemeral/.symlinks/plugins/screen_capturer_macos/macos
  screen_retriever_macos:
    :path: Flutter/ephemeral/.symlinks/plugins/screen_retriever_macos/macos

SPEC CHECKSUMS:
  app_installer: 9a51509d3e3526fad6fb3d615c5e78621a1b08a1
  flutter_js: 79c3c70d33ba464c67d8eb88639a61aa718cd8b8
  FlutterMacOS: d0db08ddef1a9af05a5ec4b724367152bb0500b1
  HotKey: 400beb7caa29054ea8d864c96f5ba7e5b4852277
  hotkey_manager_macos: a4317849af96d2430fa89944d3c58977ca089fbe
  icloud_storage: eb5b0f20687cf5a4fabc0b541f3b079cd6df7dcb
  libclash_vpn_service: ca1c41aac8340fe2982c7a67b7527b06d9be61d1
  open_dir_macos: 79810d7921d777f8732bf6358b3a0839a8fad9b5
  path_provider_foundation: 608fcb11be570ce83519b076ab6a1fffe2474f05
  protocol_handler: f4d1317b2b828d6370e140077be5155feb3f06c7
  screen_capturer_macos: 229306903c56767a7c7d3a48167ba303e95c6d29
  screen_retriever_macos: 452e51764a9e1cdb74b3c541238795849f21557f

PODFILE CHECKSUM: 5c9f8eaa8b95c22f0da7561d6e59dbcb1d5c68c3

COCOAPODS: 1.16.2
